
Microsoft Visual Studio Solution File, Format Version 12.00
# Visual Studio Version 16
VisualStudioVersion = 16.0.31729.503
MinimumVisualStudioVersion = 10.0.40219.1
Project("{2150E333-8FDC-42A3-9474-1A3956D46DE8}") = "Services", "Services", "{076044AD-F4E1-4DF6-8C92-671197C8039C}"
EndProject
Project("{2150E333-8FDC-42A3-9474-1A3956D46DE8}") = "Employee", "Employee", "{4742E7D5-8034-4DED-933D-B6BD527FE827}"
EndProject
Project("{9A19103F-16F7-4668-BE54-9A1E7A4F7556}") = "Employee.API", "Services\Employee\Employee.API\Employee.API.csproj", "{9D501935-83F0-4786-BFF3-9548FA294CDB}"
EndProject
Project("{9A19103F-16F7-4668-BE54-9A1E7A4F7556}") = "Employee.Domain", "Services\Employee\Employee.Domain\Employee.Domain.csproj", "{201CF6D8-2636-42A2-B41C-6C7937C8A74B}"
EndProject
Project("{9A19103F-16F7-4668-BE54-9A1E7A4F7556}") = "Employee.Application", "Services\Employee\Employee.Application\Employee.Application.csproj", "{FD99D8BC-8EB0-44D9-90AE-A84E2444586D}"
EndProject
Project("{9A19103F-16F7-4668-BE54-9A1E7A4F7556}") = "Employee.Infrastructure", "Services\Employee\Employee.Infrastructure\Employee.Infrastructure.csproj", "{2A68939D-A429-41DD-AE5D-0CA33ECACE61}"
EndProject
Project("{2150E333-8FDC-42A3-9474-1A3956D46DE8}") = "Salary", "Salary", "{CEC83822-D3F0-45AC-A638-E5EB01C49A3D}"
EndProject
Project("{FAE04EC0-301F-11D3-BF4B-00C04F79EFBC}") = "Salary.API", "Services\Salary\Salary.API\Salary.API.csproj", "{7EC8E3EA-89FB-4152-AC62-988686E2B25E}"
EndProject
Project("{FAE04EC0-301F-11D3-BF4B-00C04F79EFBC}") = "Salary.Domain", "Services\Salary\Salary.Domain\Salary.Domain.csproj", "{F6DBD0F9-7146-4202-B597-530ADDD55255}"
EndProject
Project("{FAE04EC0-301F-11D3-BF4B-00C04F79EFBC}") = "Salary.Application", "Services\Salary\Salary.Application\Salary.Application.csproj", "{E3A4C3A7-F009-4106-A6EA-035C4FBAF538}"
EndProject
Project("{FAE04EC0-301F-11D3-BF4B-00C04F79EFBC}") = "Salary.Infrastructure", "Services\Salary\Salary.Infrastructure\Salary.Infrastructure.csproj", "{64F2CF4D-0BCA-4657-BD7C-05FFA9C02250}"
EndProject
Global
	GlobalSection(SolutionConfigurationPlatforms) = preSolution
		Debug|Any CPU = Debug|Any CPU
		Release|Any CPU = Release|Any CPU
	EndGlobalSection
	GlobalSection(ProjectConfigurationPlatforms) = postSolution
		{9D501935-83F0-4786-BFF3-9548FA294CDB}.Debug|Any CPU.ActiveCfg = Debug|Any CPU
		{9D501935-83F0-4786-BFF3-9548FA294CDB}.Debug|Any CPU.Build.0 = Debug|Any CPU
		{9D501935-83F0-4786-BFF3-9548FA294CDB}.Release|Any CPU.ActiveCfg = Release|Any CPU
		{9D501935-83F0-4786-BFF3-9548FA294CDB}.Release|Any CPU.Build.0 = Release|Any CPU
		{201CF6D8-2636-42A2-B41C-6C7937C8A74B}.Debug|Any CPU.ActiveCfg = Debug|Any CPU
		{201CF6D8-2636-42A2-B41C-6C7937C8A74B}.Debug|Any CPU.Build.0 = Debug|Any CPU
		{201CF6D8-2636-42A2-B41C-6C7937C8A74B}.Release|Any CPU.ActiveCfg = Release|Any CPU
		{201CF6D8-2636-42A2-B41C-6C7937C8A74B}.Release|Any CPU.Build.0 = Release|Any CPU
		{FD99D8BC-8EB0-44D9-90AE-A84E2444586D}.Debug|Any CPU.ActiveCfg = Debug|Any CPU
		{FD99D8BC-8EB0-44D9-90AE-A84E2444586D}.Debug|Any CPU.Build.0 = Debug|Any CPU
		{FD99D8BC-8EB0-44D9-90AE-A84E2444586D}.Release|Any CPU.ActiveCfg = Release|Any CPU
		{FD99D8BC-8EB0-44D9-90AE-A84E2444586D}.Release|Any CPU.Build.0 = Release|Any CPU
		{2A68939D-A429-41DD-AE5D-0CA33ECACE61}.Debug|Any CPU.ActiveCfg = Debug|Any CPU
		{2A68939D-A429-41DD-AE5D-0CA33ECACE61}.Debug|Any CPU.Build.0 = Debug|Any CPU
		{2A68939D-A429-41DD-AE5D-0CA33ECACE61}.Release|Any CPU.ActiveCfg = Release|Any CPU
		{2A68939D-A429-41DD-AE5D-0CA33ECACE61}.Release|Any CPU.Build.0 = Release|Any CPU
		{7EC8E3EA-89FB-4152-AC62-988686E2B25E}.Debug|Any CPU.ActiveCfg = Debug|Any CPU
		{7EC8E3EA-89FB-4152-AC62-988686E2B25E}.Debug|Any CPU.Build.0 = Debug|Any CPU
		{7EC8E3EA-89FB-4152-AC62-988686E2B25E}.Release|Any CPU.ActiveCfg = Release|Any CPU
		{7EC8E3EA-89FB-4152-AC62-988686E2B25E}.Release|Any CPU.Build.0 = Release|Any CPU
		{F6DBD0F9-7146-4202-B597-530ADDD55255}.Debug|Any CPU.ActiveCfg = Debug|Any CPU
		{F6DBD0F9-7146-4202-B597-530ADDD55255}.Debug|Any CPU.Build.0 = Debug|Any CPU
		{F6DBD0F9-7146-4202-B597-530ADDD55255}.Release|Any CPU.ActiveCfg = Release|Any CPU
		{F6DBD0F9-7146-4202-B597-530ADDD55255}.Release|Any CPU.Build.0 = Release|Any CPU
		{E3A4C3A7-F009-4106-A6EA-035C4FBAF538}.Debug|Any CPU.ActiveCfg = Debug|Any CPU
		{E3A4C3A7-F009-4106-A6EA-035C4FBAF538}.Debug|Any CPU.Build.0 = Debug|Any CPU
		{E3A4C3A7-F009-4106-A6EA-035C4FBAF538}.Release|Any CPU.ActiveCfg = Release|Any CPU
		{E3A4C3A7-F009-4106-A6EA-035C4FBAF538}.Release|Any CPU.Build.0 = Release|Any CPU
		{64F2CF4D-0BCA-4657-BD7C-05FFA9C02250}.Debug|Any CPU.ActiveCfg = Debug|Any CPU
		{64F2CF4D-0BCA-4657-BD7C-05FFA9C02250}.Debug|Any CPU.Build.0 = Debug|Any CPU
		{64F2CF4D-0BCA-4657-BD7C-05FFA9C02250}.Release|Any CPU.ActiveCfg = Release|Any CPU
		{64F2CF4D-0BCA-4657-BD7C-05FFA9C02250}.Release|Any CPU.Build.0 = Release|Any CPU
	EndGlobalSection
	GlobalSection(SolutionProperties) = preSolution
		HideSolutionNode = FALSE
	EndGlobalSection
	GlobalSection(NestedProjects) = preSolution
		{4742E7D5-8034-4DED-933D-B6BD527FE827} = {076044AD-F4E1-4DF6-8C92-671197C8039C}
		{9D501935-83F0-4786-BFF3-9548FA294CDB} = {4742E7D5-8034-4DED-933D-B6BD527FE827}
		{201CF6D8-2636-42A2-B41C-6C7937C8A74B} = {4742E7D5-8034-4DED-933D-B6BD527FE827}
		{FD99D8BC-8EB0-44D9-90AE-A84E2444586D} = {4742E7D5-8034-4DED-933D-B6BD527FE827}
		{2A68939D-A429-41DD-AE5D-0CA33ECACE61} = {4742E7D5-8034-4DED-933D-B6BD527FE827}
		{CEC83822-D3F0-45AC-A638-E5EB01C49A3D} = {076044AD-F4E1-4DF6-8C92-671197C8039C}
		{7EC8E3EA-89FB-4152-AC62-988686E2B25E} = {CEC83822-D3F0-45AC-A638-E5EB01C49A3D}
		{F6DBD0F9-7146-4202-B597-530ADDD55255} = {CEC83822-D3F0-45AC-A638-E5EB01C49A3D}
		{E3A4C3A7-F009-4106-A6EA-035C4FBAF538} = {CEC83822-D3F0-45AC-A638-E5EB01C49A3D}
		{64F2CF4D-0BCA-4657-BD7C-05FFA9C02250} = {CEC83822-D3F0-45AC-A638-E5EB01C49A3D}
	EndGlobalSection
	GlobalSection(ExtensibilityGlobals) = postSolution
		SolutionGuid = {B1C4E9B9-3CF5-4F07-AC30-38AEE4B1E873}
	EndGlobalSection
EndGlobal
